<?xml version="1.0" encoding="utf-8"?>
<Project ToolsVersion="4.0" xmlns="http://schemas.microsoft.com/developer/msbuild/2003">
  <ItemGroup>
    <Filter Include="Source">
      <UniqueIdentifier>{46efdf7f-070e-477d-81e9-2930f5a39f4d}</UniqueIdentifier>
    </Filter>
    <Filter Include="Header">
      <UniqueIdentifier>{41997538-89b3-4af4-b1f4-85b2247ce4f9}</UniqueIdentifier>
    </Filter>
  </ItemGroup>
  <ItemGroup>
    <CudaCompile Include="haraka_cuda.cu">
      <Filter>Source</Filter>
    </CudaCompile>
  </ItemGroup>
  <ItemGroup>
    <ClInclude Include="haraka_cuda.h">
      <Filter>Header</Filter>
    </ClInclude>
    <ClInclude Include="helper.h">
      <Filter>Header</Filter>
    </ClInclude>
    <ClInclude Include="constants.h">
      <Filter>Header</Filter>
    </ClInclude>
  </ItemGroup>
  <ItemGroup>
    <ClCompile Include="main.cpp">
      <Filter>Source</Filter>
    </ClCompile>
    <ClCompile Include="helper.cpp">
      <Filter>Source</Filter>
    </ClCompile>
  </ItemGroup>
</Project>