<?xml version="1.0" encoding="utf-8"?>
<Project ToolsVersion="4.0" xmlns="http://schemas.microsoft.com/developer/msbuild/2003">
  <ItemGroup>
    <Filter Include="Source">
      <UniqueIdentifier>{97de2378-2250-42d0-9d92-33a1dbd46dc4}</UniqueIdentifier>
    </Filter>
    <Filter Include="Header">
      <UniqueIdentifier>{0512d21b-9234-4824-8dce-988a65cd04c8}</UniqueIdentifier>
    </Filter>
  </ItemGroup>
  <ItemGroup>
    <ClCompile Include="main.cpp">
      <Filter>Source</Filter>
    </ClCompile>
    <ClCompile Include="helper.cpp">
      <Filter>Source</Filter>
    </ClCompile>
    <ClCompile Include="haraka_cuda_wrapper.cu">
      <Filter>Source</Filter>
    </ClCompile>
  </ItemGroup>
  <ItemGroup>
    <ClInclude Include="constants.h">
      <Filter>Header</Filter>
    </ClInclude>
    <ClInclude Include="helper.h">
      <Filter>Header</Filter>
    </ClInclude>
    <ClInclude Include="haraka_cuda_w_options.h">
      <Filter>Header</Filter>
    </ClInclude>
    <ClInclude Include="haraka_cuda.h">
      <Filter>Header</Filter>
    </ClInclude>
    <ClInclude Include="haraka_cuda_wrapper.h">
      <Filter>Header</Filter>
    </ClInclude>
  </ItemGroup>
  <ItemGroup>
    <CudaCompile Include="haraka_cuda_w_options.cu">
      <Filter>Source</Filter>
    </CudaCompile>
    <CudaCompile Include="haraka_cuda.cu">
      <Filter>Source</Filter>
    </CudaCompile>
  </ItemGroup>
</Project>